
Microsoft Visual Studio Solution File, Format Version 12.00
# Visual Studio Version 17
VisualStudioVersion = 17.8.34309.116
MinimumVisualStudioVersion = 10.0.40219.1
Project("{FAE04EC0-301F-11D3-BF4B-00C04F79EFBC}") = "A_dan_Z_ye_CSharp_Gencay_Yildiz_Serisi", "A_dan_Z_ye_CSharp_Gencay_Yildiz_Serisi\A_dan_Z_ye_CSharp_Gencay_Yildiz_Serisi.csproj", "{5442CC55-D056-4A0F-88C7-9D0E28C20DF5}"
EndProject
Project("{9A19103F-16F7-4668-BE54-9A1E7A4F7556}") = "A_dan_Z_ye_OOP", "A_dan_Z_ye_OOP\A_dan_Z_ye_OOP.csproj", "{27DB568B-6E94-4C13-BAD0-B7400BFBD7A1}"
EndProject
Project("{9A19103F-16F7-4668-BE54-9A1E7A4F7556}") = "AlgoritmaSorulari", "AlgoritmaSorulari\AlgoritmaSorulari.csproj", "{A16E413D-62A8-4D16-8B9D-77686F3AFC4D}"
EndProject
Project("{FAE04EC0-301F-11D3-BF4B-00C04F79EFBC}") = "DesignPrinciplesEgitimleri", "DesignPrinciplesEgitimleri\DesignPrinciplesEgitimleri.csproj", "{08F46154-4CD7-4FA2-A81B-A6E25C197550}"
EndProject
Project("{FAE04EC0-301F-11D3-BF4B-00C04F79EFBC}") = "Entity_Framework_Core", "Entity_Framework_Core\Entity_Framework_Core.csproj", "{C32299AA-538A-4DCF-85A7-F52CEF9ABC08}"
EndProject
Project("{FAE04EC0-301F-11D3-BF4B-00C04F79EFBC}") = "Database_First", "Database_First\Database_First.csproj", "{AE33284E-119D-4D62-B50C-FDF655FF3E78}"
EndProject
Project("{FAE04EC0-301F-11D3-BF4B-00C04F79EFBC}") = "Code_First", "Code_First\Code_First.csproj", "{B8704409-BDBA-447C-9791-9156D84A334B}"
EndProject
Project("{FAE04EC0-301F-11D3-BF4B-00C04F79EFBC}") = "Lesson9", "Lesson9\Lesson9.csproj", "{6315DB7E-4E42-4E13-9E76-46B2A2676F22}"
EndProject
Project("{FAE04EC0-301F-11D3-BF4B-00C04F79EFBC}") = "ChangeTracker", "ChangeTracker\ChangeTracker.csproj", "{F2467AB9-5D55-4B52-9B29-476913CD0D1F}"
EndProject
Project("{FAE04EC0-301F-11D3-BF4B-00C04F79EFBC}") = "Tracking", "Tracking\Tracking.csproj", "{5894186A-CFF9-4CF9-8F5D-C0D80434589C}"
EndProject
Project("{FAE04EC0-301F-11D3-BF4B-00C04F79EFBC}") = "Querying", "Querying\Querying.csproj", "{92579D3D-4762-47A6-9A05-A4053F569689}"
EndProject
Project("{FAE04EC0-301F-11D3-BF4B-00C04F79EFBC}") = "Relationships", "Relationships\Relationships.csproj", "{A2B1CF7F-36C6-462E-A209-DE23AE40B30C}"
EndProject
Project("{FAE04EC0-301F-11D3-BF4B-00C04F79EFBC}") = "One_To_Many_RelationShip", "One_To_Many_RelationShip\One_To_Many_RelationShip.csproj", "{3753EC82-8C3B-4E96-975D-3B7EA2DAEBCA}"
EndProject
Project("{FAE04EC0-301F-11D3-BF4B-00C04F79EFBC}") = "One_to_One_RelationShip", "One_to_One_RelationShip\One_to_One_RelationShip.csproj", "{19F34A4C-475C-4F27-A389-8B9A181890FD}"
EndProject
Project("{FAE04EC0-301F-11D3-BF4B-00C04F79EFBC}") = "ManyToManyRelationShip", "ManyToManyRelationShip\ManyToManyRelationShip.csproj", "{5245A90E-EBF5-4761-8321-C0737EBA2356}"
EndProject
Project("{FAE04EC0-301F-11D3-BF4B-00C04F79EFBC}") = "Saving_Related_Data", "Saving_Related_Data\Saving_Related_Data.csproj", "{5AA42744-DA25-43C9-906B-B30796AD1705}"
EndProject
Project("{FAE04EC0-301F-11D3-BF4B-00C04F79EFBC}") = "Updating_Related_Data", "Updating_Related_Data\Updating_Related_Data.csproj", "{6A98D124-62A7-4FA6-8BA5-30BA9F0069E0}"
EndProject
Project("{FAE04EC0-301F-11D3-BF4B-00C04F79EFBC}") = "Deleting_Related_Data", "Deleting_Related_Data\Deleting_Related_Data.csproj", "{73E898D0-7220-46E1-A9A4-15741906127A}"
EndProject
Global
	GlobalSection(SolutionConfigurationPlatforms) = preSolution
		Debug|Any CPU = Debug|Any CPU
		Release|Any CPU = Release|Any CPU
	EndGlobalSection
	GlobalSection(ProjectConfigurationPlatforms) = postSolution
		{5442CC55-D056-4A0F-88C7-9D0E28C20DF5}.Debug|Any CPU.ActiveCfg = Debug|Any CPU
		{5442CC55-D056-4A0F-88C7-9D0E28C20DF5}.Debug|Any CPU.Build.0 = Debug|Any CPU
		{5442CC55-D056-4A0F-88C7-9D0E28C20DF5}.Release|Any CPU.ActiveCfg = Release|Any CPU
		{5442CC55-D056-4A0F-88C7-9D0E28C20DF5}.Release|Any CPU.Build.0 = Release|Any CPU
		{27DB568B-6E94-4C13-BAD0-B7400BFBD7A1}.Debug|Any CPU.ActiveCfg = Debug|Any CPU
		{27DB568B-6E94-4C13-BAD0-B7400BFBD7A1}.Debug|Any CPU.Build.0 = Debug|Any CPU
		{27DB568B-6E94-4C13-BAD0-B7400BFBD7A1}.Release|Any CPU.ActiveCfg = Release|Any CPU
		{27DB568B-6E94-4C13-BAD0-B7400BFBD7A1}.Release|Any CPU.Build.0 = Release|Any CPU
		{A16E413D-62A8-4D16-8B9D-77686F3AFC4D}.Debug|Any CPU.ActiveCfg = Debug|Any CPU
		{A16E413D-62A8-4D16-8B9D-77686F3AFC4D}.Debug|Any CPU.Build.0 = Debug|Any CPU
		{A16E413D-62A8-4D16-8B9D-77686F3AFC4D}.Release|Any CPU.ActiveCfg = Release|Any CPU
		{A16E413D-62A8-4D16-8B9D-77686F3AFC4D}.Release|Any CPU.Build.0 = Release|Any CPU
		{08F46154-4CD7-4FA2-A81B-A6E25C197550}.Debug|Any CPU.ActiveCfg = Debug|Any CPU
		{08F46154-4CD7-4FA2-A81B-A6E25C197550}.Debug|Any CPU.Build.0 = Debug|Any CPU
		{08F46154-4CD7-4FA2-A81B-A6E25C197550}.Release|Any CPU.ActiveCfg = Release|Any CPU
		{08F46154-4CD7-4FA2-A81B-A6E25C197550}.Release|Any CPU.Build.0 = Release|Any CPU
		{C32299AA-538A-4DCF-85A7-F52CEF9ABC08}.Debug|Any CPU.ActiveCfg = Debug|Any CPU
		{C32299AA-538A-4DCF-85A7-F52CEF9ABC08}.Debug|Any CPU.Build.0 = Debug|Any CPU
		{C32299AA-538A-4DCF-85A7-F52CEF9ABC08}.Release|Any CPU.ActiveCfg = Release|Any CPU
		{C32299AA-538A-4DCF-85A7-F52CEF9ABC08}.Release|Any CPU.Build.0 = Release|Any CPU
		{AE33284E-119D-4D62-B50C-FDF655FF3E78}.Debug|Any CPU.ActiveCfg = Debug|Any CPU
		{AE33284E-119D-4D62-B50C-FDF655FF3E78}.Debug|Any CPU.Build.0 = Debug|Any CPU
		{AE33284E-119D-4D62-B50C-FDF655FF3E78}.Release|Any CPU.ActiveCfg = Release|Any CPU
		{AE33284E-119D-4D62-B50C-FDF655FF3E78}.Release|Any CPU.Build.0 = Release|Any CPU
		{B8704409-BDBA-447C-9791-9156D84A334B}.Debug|Any CPU.ActiveCfg = Debug|Any CPU
		{B8704409-BDBA-447C-9791-9156D84A334B}.Debug|Any CPU.Build.0 = Debug|Any CPU
		{B8704409-BDBA-447C-9791-9156D84A334B}.Release|Any CPU.ActiveCfg = Release|Any CPU
		{B8704409-BDBA-447C-9791-9156D84A334B}.Release|Any CPU.Build.0 = Release|Any CPU
		{6315DB7E-4E42-4E13-9E76-46B2A2676F22}.Debug|Any CPU.ActiveCfg = Debug|Any CPU
		{6315DB7E-4E42-4E13-9E76-46B2A2676F22}.Debug|Any CPU.Build.0 = Debug|Any CPU
		{6315DB7E-4E42-4E13-9E76-46B2A2676F22}.Release|Any CPU.ActiveCfg = Release|Any CPU
		{6315DB7E-4E42-4E13-9E76-46B2A2676F22}.Release|Any CPU.Build.0 = Release|Any CPU
		{F2467AB9-5D55-4B52-9B29-476913CD0D1F}.Debug|Any CPU.ActiveCfg = Debug|Any CPU
		{F2467AB9-5D55-4B52-9B29-476913CD0D1F}.Debug|Any CPU.Build.0 = Debug|Any CPU
		{F2467AB9-5D55-4B52-9B29-476913CD0D1F}.Release|Any CPU.ActiveCfg = Release|Any CPU
		{F2467AB9-5D55-4B52-9B29-476913CD0D1F}.Release|Any CPU.Build.0 = Release|Any CPU
		{5894186A-CFF9-4CF9-8F5D-C0D80434589C}.Debug|Any CPU.ActiveCfg = Debug|Any CPU
		{5894186A-CFF9-4CF9-8F5D-C0D80434589C}.Debug|Any CPU.Build.0 = Debug|Any CPU
		{5894186A-CFF9-4CF9-8F5D-C0D80434589C}.Release|Any CPU.ActiveCfg = Release|Any CPU
		{5894186A-CFF9-4CF9-8F5D-C0D80434589C}.Release|Any CPU.Build.0 = Release|Any CPU
		{92579D3D-4762-47A6-9A05-A4053F569689}.Debug|Any CPU.ActiveCfg = Debug|Any CPU
		{92579D3D-4762-47A6-9A05-A4053F569689}.Debug|Any CPU.Build.0 = Debug|Any CPU
		{92579D3D-4762-47A6-9A05-A4053F569689}.Release|Any CPU.ActiveCfg = Release|Any CPU
		{92579D3D-4762-47A6-9A05-A4053F569689}.Release|Any CPU.Build.0 = Release|Any CPU
		{A2B1CF7F-36C6-462E-A209-DE23AE40B30C}.Debug|Any CPU.ActiveCfg = Debug|Any CPU
		{A2B1CF7F-36C6-462E-A209-DE23AE40B30C}.Debug|Any CPU.Build.0 = Debug|Any CPU
		{A2B1CF7F-36C6-462E-A209-DE23AE40B30C}.Release|Any CPU.ActiveCfg = Release|Any CPU
		{A2B1CF7F-36C6-462E-A209-DE23AE40B30C}.Release|Any CPU.Build.0 = Release|Any CPU
		{3753EC82-8C3B-4E96-975D-3B7EA2DAEBCA}.Debug|Any CPU.ActiveCfg = Debug|Any CPU
		{3753EC82-8C3B-4E96-975D-3B7EA2DAEBCA}.Debug|Any CPU.Build.0 = Debug|Any CPU
		{3753EC82-8C3B-4E96-975D-3B7EA2DAEBCA}.Release|Any CPU.ActiveCfg = Release|Any CPU
		{3753EC82-8C3B-4E96-975D-3B7EA2DAEBCA}.Release|Any CPU.Build.0 = Release|Any CPU
		{19F34A4C-475C-4F27-A389-8B9A181890FD}.Debug|Any CPU.ActiveCfg = Debug|Any CPU
		{19F34A4C-475C-4F27-A389-8B9A181890FD}.Debug|Any CPU.Build.0 = Debug|Any CPU
		{19F34A4C-475C-4F27-A389-8B9A181890FD}.Release|Any CPU.ActiveCfg = Release|Any CPU
		{19F34A4C-475C-4F27-A389-8B9A181890FD}.Release|Any CPU.Build.0 = Release|Any CPU
		{5245A90E-EBF5-4761-8321-C0737EBA2356}.Debug|Any CPU.ActiveCfg = Debug|Any CPU
		{5245A90E-EBF5-4761-8321-C0737EBA2356}.Debug|Any CPU.Build.0 = Debug|Any CPU
		{5245A90E-EBF5-4761-8321-C0737EBA2356}.Release|Any CPU.ActiveCfg = Release|Any CPU
		{5245A90E-EBF5-4761-8321-C0737EBA2356}.Release|Any CPU.Build.0 = Release|Any CPU
		{5AA42744-DA25-43C9-906B-B30796AD1705}.Debug|Any CPU.ActiveCfg = Debug|Any CPU
		{5AA42744-DA25-43C9-906B-B30796AD1705}.Debug|Any CPU.Build.0 = Debug|Any CPU
		{5AA42744-DA25-43C9-906B-B30796AD1705}.Release|Any CPU.ActiveCfg = Release|Any CPU
		{5AA42744-DA25-43C9-906B-B30796AD1705}.Release|Any CPU.Build.0 = Release|Any CPU
		{6A98D124-62A7-4FA6-8BA5-30BA9F0069E0}.Debug|Any CPU.ActiveCfg = Debug|Any CPU
		{6A98D124-62A7-4FA6-8BA5-30BA9F0069E0}.Debug|Any CPU.Build.0 = Debug|Any CPU
		{6A98D124-62A7-4FA6-8BA5-30BA9F0069E0}.Release|Any CPU.ActiveCfg = Release|Any CPU
		{6A98D124-62A7-4FA6-8BA5-30BA9F0069E0}.Release|Any CPU.Build.0 = Release|Any CPU
		{73E898D0-7220-46E1-A9A4-15741906127A}.Debug|Any CPU.ActiveCfg = Debug|Any CPU
		{73E898D0-7220-46E1-A9A4-15741906127A}.Debug|Any CPU.Build.0 = Debug|Any CPU
		{73E898D0-7220-46E1-A9A4-15741906127A}.Release|Any CPU.ActiveCfg = Release|Any CPU
		{73E898D0-7220-46E1-A9A4-15741906127A}.Release|Any CPU.Build.0 = Release|Any CPU
	EndGlobalSection
	GlobalSection(SolutionProperties) = preSolution
		HideSolutionNode = FALSE
	EndGlobalSection
	GlobalSection(ExtensibilityGlobals) = postSolution
		SolutionGuid = {201ADB1B-6050-4E57-84A6-76FD3D3E5865}
	EndGlobalSection
EndGlobal
